
Microsoft Visual Studio Solution File, Format Version 12.00
# Visual Studio Version 16
VisualStudioVersion = 16.0.30320.27
MinimumVisualStudioVersion = 10.0.40219.1
Project("{8BC9CEB8-8B4A-11D0-8D11-00A0C91BC942}") = "GamePrograming_07", "GamePrograming_07\GamePrograming_07.vcxproj", "{CC212FCF-B378-4A81-8D9C-769EBF47223C}"
EndProject
Global
	GlobalSection(SolutionConfigurationPlatforms) = preSolution
		Debug|x64 = Debug|x64
		Debug|x86 = Debug|x86
		Release|x64 = Release|x64
		Release|x86 = Release|x86
	EndGlobalSection
	GlobalSection(ProjectConfigurationPlatforms) = postSolution
		{CC212FCF-B378-4A81-8D9C-769EBF47223C}.Debug|x64.ActiveCfg = Debug|x64
		{CC212FCF-B378-4A81-8D9C-769EBF47223C}.Debug|x64.Build.0 = Debug|x64
		{CC212FCF-B378-4A81-8D9C-769EBF47223C}.Debug|x86.ActiveCfg = Debug|Win32
		{CC212FCF-B378-4A81-8D9C-769EBF47223C}.Debug|x86.Build.0 = Debug|Win32
		{CC212FCF-B378-4A81-8D9C-769EBF47223C}.Release|x64.ActiveCfg = Release|x64
		{CC212FCF-B378-4A81-8D9C-769EBF47223C}.Release|x64.Build.0 = Release|x64
		{CC212FCF-B378-4A81-8D9C-769EBF47223C}.Release|x86.ActiveCfg = Release|Win32
		{CC212FCF-B378-4A81-8D9C-769EBF47223C}.Release|x86.Build.0 = Release|Win32
	EndGlobalSection
	GlobalSection(SolutionProperties) = preSolution
		HideSolutionNode = FALSE
	EndGlobalSection
	GlobalSection(ExtensibilityGlobals) = postSolution
		SolutionGuid = {A4B7ADE5-0FF1-491F-9449-32413E4A5884}
	EndGlobalSection
EndGlobal
