
Microsoft Visual Studio Solution File, Format Version 12.00
# Visual Studio Version 16
VisualStudioVersion = 16.0.30320.27
MinimumVisualStudioVersion = 10.0.40219.1
Project("{8BC9CEB8-8B4A-11D0-8D11-00A0C91BC942}") = "GamePrograming_05", "GamePrograming_05\GamePrograming_05.vcxproj", "{A724E19D-F3E0-4CA0-A3AA-B796D06C3BBB}"
EndProject
Global
	GlobalSection(SolutionConfigurationPlatforms) = preSolution
		Debug|x64 = Debug|x64
		Debug|x86 = Debug|x86
		Release|x64 = Release|x64
		Release|x86 = Release|x86
	EndGlobalSection
	GlobalSection(ProjectConfigurationPlatforms) = postSolution
		{A724E19D-F3E0-4CA0-A3AA-B796D06C3BBB}.Debug|x64.ActiveCfg = Debug|x64
		{A724E19D-F3E0-4CA0-A3AA-B796D06C3BBB}.Debug|x64.Build.0 = Debug|x64
		{A724E19D-F3E0-4CA0-A3AA-B796D06C3BBB}.Debug|x86.ActiveCfg = Debug|Win32
		{A724E19D-F3E0-4CA0-A3AA-B796D06C3BBB}.Debug|x86.Build.0 = Debug|Win32
		{A724E19D-F3E0-4CA0-A3AA-B796D06C3BBB}.Release|x64.ActiveCfg = Release|x64
		{A724E19D-F3E0-4CA0-A3AA-B796D06C3BBB}.Release|x64.Build.0 = Release|x64
		{A724E19D-F3E0-4CA0-A3AA-B796D06C3BBB}.Release|x86.ActiveCfg = Release|Win32
		{A724E19D-F3E0-4CA0-A3AA-B796D06C3BBB}.Release|x86.Build.0 = Release|Win32
	EndGlobalSection
	GlobalSection(SolutionProperties) = preSolution
		HideSolutionNode = FALSE
	EndGlobalSection
	GlobalSection(ExtensibilityGlobals) = postSolution
		SolutionGuid = {130BE442-DDAD-4D74-AF68-A9A772BCBF74}
	EndGlobalSection
EndGlobal
